# THIS IS AN AUTOGENERATED FILE. DO NOT EDIT THIS FILE DIRECTLY.
# yarn lockfile v1


csv-generate@^3.2.4:
  version "3.3.0"
  resolved "https://registry.yarnpkg.com/csv-generate/-/csv-generate-3.3.0.tgz#0e25658f1bb9806d94fec7b270896a35c7eedf1a"
  integrity sha512-EXSru4QwEWKwM7wwsJbhrZC+mHEJrhQFoXlohHs80CAU8Qhlv9gaw1sjzNiC3Hr3oUx5skDmEiAlz+tnKWV0RA==

csv-parse@^4.8.8:
  version "4.14.1"
  resolved "https://registry.yarnpkg.com/csv-parse/-/csv-parse-4.14.1.tgz#b6b3736508fb94682fa6d450fe1755237221d291"
  integrity sha512-4wmcO7QbWtDAncGFaBwlWFPhEN4Akr64IbM4zvDwEOFekI8blLc04Nw7XjQjtSNy+3AUAgBgtUa9nWo5Cq89Xg==

csv-parser@^3.0.0:
  version "3.0.0"
  resolved "https://registry.yarnpkg.com/csv-parser/-/csv-parser-3.0.0.tgz#b88a6256d79e090a97a1b56451f9327b01d710e7"
  integrity sha512-s6OYSXAK3IdKqYO33y09jhypG/bSDHPuyCme/IdEHfWpLf/jKcpitVFyOC6UemgGk8v7Q5u2XE0vvwmanxhGlQ==
  dependencies:
    minimist "^1.2.0"

csv-stringify@^5.3.6:
  version "5.5.3"
  resolved "https://registry.yarnpkg.com/csv-stringify/-/csv-stringify-5.5.3.tgz#b7a287daee7492de3722b13dccb238f2d60db522"
  integrity sha512-JKG8vIHpWPzdilp2SAmvjmAiIhD+XGKGdhZBGi8QIECgJAsFr7k5CmJIW2QkSxBBsctvmojM25s+UINzQ5NLTg==

csv@^5.3.2:
  version "5.3.2"
  resolved "https://registry.yarnpkg.com/csv/-/csv-5.3.2.tgz#50b344e25dfbb8c62684a1bcec18c22468b2161e"
  integrity sha512-odDyucr9OgJTdGM2wrMbJXbOkJx3nnUX3Pt8SFOwlAMOpsUQlz1dywvLMXJWX/4Ib0rjfOsaawuuwfI5ucqBGQ==
  dependencies:
    csv-generate "^3.2.4"
    csv-parse "^4.8.8"
    csv-stringify "^5.3.6"
    stream-transform "^2.0.1"

minimist@^1.2.0:
  version "1.2.5"
  resolved "https://registry.yarnpkg.com/minimist/-/minimist-1.2.5.tgz#67d66014b66a6a8aaa0c083c5fd58df4e4e97602"
  integrity sha512-FM9nNUYrRBAELZQT3xeZQ7fmMOBg6nWNmJKTcgsJeaLstP/UODVpGsr5OhXhhXg6f+qtJ8uiZ+PUxkDWcgIXLw==

mixme@^0.4.0:
  version "0.4.0"
  resolved "https://registry.yarnpkg.com/mixme/-/mixme-0.4.0.tgz#a1aee27f0d63cc905e1cc6ddc98abf94d414435e"
  integrity sha512-B4Sm1CDC5+ov5AYxSkyeT5HLtiDgNOLKwFlq34wr8E2O3zRdTvQiLzo599Jt9cir6VJrSenOlgvdooVYCQJIYw==

moment@^2.29.1:
  version "2.29.1"
  resolved "https://registry.yarnpkg.com/moment/-/moment-2.29.1.tgz#b2be769fa31940be9eeea6469c075e35006fa3d3"
  integrity sha512-kHmoybcPV8Sqy59DwNDY3Jefr64lK/by/da0ViFcuA4DH0vQg5Q6Ze5VimxkfQNSC+Mls/Kx53s7TjP1RhFEDQ==

stream-transform@^2.0.1:
  version "2.0.3"
  resolved "https://registry.yarnpkg.com/stream-transform/-/stream-transform-2.0.3.tgz#e3f6bac78b7d81a1452bf84bee9f340a1786bd60"
  integrity sha512-HgNXs2rNG9pKC2gK4owtMPMKfto81S/TWZw0Ybsx6Wp23klnN0YctnMXYe0PmzzhB/zIBEB+0Urf+PMorE4d/A==
  dependencies:
    mixme "^0.4.0"
